
Microsoft Visual Studio Solution File, Format Version 12.00
# Visual Studio 15
VisualStudioVersion = 15.0.27004.2005
MinimumVisualStudioVersion = 10.0.40219.1
Project("{FAE04EC0-301F-11D3-BF4B-00C04F79EFBC}") = "ReportsOrganizer.UI", "ReportsOrganizer.UI\ReportsOrganizer.UI.csproj", "{0E2DCE3D-3785-4817-BF73-80B9A5BFE807}"
EndProject
Project("{FAE04EC0-301F-11D3-BF4B-00C04F79EFBC}") = "ReportsOrganizer.Core", "ReportsOrganuzer.Core\ReportsOrganizer.Core.csproj", "{416DD915-AA95-49E4-BC32-AE29C9599BD5}"
EndProject
Project("{FAE04EC0-301F-11D3-BF4B-00C04F79EFBC}") = "ReportsOrganizer.DAL", "ReportsOrganizer.DAL\ReportsOrganizer.DAL.csproj", "{E55E1F94-6317-4FD8-BD2F-DBC7C8C1574C}"
EndProject
Project("{FAE04EC0-301F-11D3-BF4B-00C04F79EFBC}") = "ReportsOrganizer.Models", "ReportsOrganizer.Models\ReportsOrganizer.Models.csproj", "{E1768370-C9EC-4C3F-B6C2-0F1D1C6BC695}"
EndProject
Project("{2150E333-8FDC-42A3-9474-1A3956D46DE8}") = "Tests", "Tests", "{6A2B37F5-32E5-4ACC-A3B3-7F65B87D4939}"
EndProject
Project("{FAE04EC0-301F-11D3-BF4B-00C04F79EFBC}") = "ReportsOrganizer.Core.Test", "ReportsOrganizer.Core.Test\ReportsOrganizer.Core.Test.csproj", "{C793C55F-F37D-4C14-B92A-D785A043416C}"
EndProject
Global
	GlobalSection(SolutionConfigurationPlatforms) = preSolution
		Debug|Any CPU = Debug|Any CPU
		Release|Any CPU = Release|Any CPU
	EndGlobalSection
	GlobalSection(ProjectConfigurationPlatforms) = postSolution
		{0E2DCE3D-3785-4817-BF73-80B9A5BFE807}.Debug|Any CPU.ActiveCfg = Debug|Any CPU
		{0E2DCE3D-3785-4817-BF73-80B9A5BFE807}.Debug|Any CPU.Build.0 = Debug|Any CPU
		{0E2DCE3D-3785-4817-BF73-80B9A5BFE807}.Release|Any CPU.ActiveCfg = Release|Any CPU
		{0E2DCE3D-3785-4817-BF73-80B9A5BFE807}.Release|Any CPU.Build.0 = Release|Any CPU
		{416DD915-AA95-49E4-BC32-AE29C9599BD5}.Debug|Any CPU.ActiveCfg = Debug|Any CPU
		{416DD915-AA95-49E4-BC32-AE29C9599BD5}.Debug|Any CPU.Build.0 = Debug|Any CPU
		{416DD915-AA95-49E4-BC32-AE29C9599BD5}.Release|Any CPU.ActiveCfg = Release|Any CPU
		{416DD915-AA95-49E4-BC32-AE29C9599BD5}.Release|Any CPU.Build.0 = Release|Any CPU
		{E55E1F94-6317-4FD8-BD2F-DBC7C8C1574C}.Debug|Any CPU.ActiveCfg = Debug|Any CPU
		{E55E1F94-6317-4FD8-BD2F-DBC7C8C1574C}.Debug|Any CPU.Build.0 = Debug|Any CPU
		{E55E1F94-6317-4FD8-BD2F-DBC7C8C1574C}.Release|Any CPU.ActiveCfg = Release|Any CPU
		{E55E1F94-6317-4FD8-BD2F-DBC7C8C1574C}.Release|Any CPU.Build.0 = Release|Any CPU
		{E1768370-C9EC-4C3F-B6C2-0F1D1C6BC695}.Debug|Any CPU.ActiveCfg = Debug|Any CPU
		{E1768370-C9EC-4C3F-B6C2-0F1D1C6BC695}.Debug|Any CPU.Build.0 = Debug|Any CPU
		{E1768370-C9EC-4C3F-B6C2-0F1D1C6BC695}.Release|Any CPU.ActiveCfg = Release|Any CPU
		{E1768370-C9EC-4C3F-B6C2-0F1D1C6BC695}.Release|Any CPU.Build.0 = Release|Any CPU
		{C793C55F-F37D-4C14-B92A-D785A043416C}.Debug|Any CPU.ActiveCfg = Debug|Any CPU
		{C793C55F-F37D-4C14-B92A-D785A043416C}.Debug|Any CPU.Build.0 = Debug|Any CPU
		{C793C55F-F37D-4C14-B92A-D785A043416C}.Release|Any CPU.ActiveCfg = Release|Any CPU
		{C793C55F-F37D-4C14-B92A-D785A043416C}.Release|Any CPU.Build.0 = Release|Any CPU
	EndGlobalSection
	GlobalSection(SolutionProperties) = preSolution
		HideSolutionNode = FALSE
	EndGlobalSection
	GlobalSection(NestedProjects) = preSolution
		{C793C55F-F37D-4C14-B92A-D785A043416C} = {6A2B37F5-32E5-4ACC-A3B3-7F65B87D4939}
	EndGlobalSection
	GlobalSection(ExtensibilityGlobals) = postSolution
		SolutionGuid = {E397AC42-C59A-456B-AD58-F6E29B0CA311}
	EndGlobalSection
EndGlobal
